
Microsoft Visual Studio Solution File, Format Version 12.00
Project("{FAE04EC0-301F-11D3-BF4B-00C04F79EFBC}") = "clockSync", "clockSync\clockSync.csproj", "{67421031-9FD6-4CE8-90CC-D94F074755C2}"
EndProject
Project("{F2A71F9B-5D33-465A-A702-920D77279786}") = "msgraph", "msgraph\msgraph.fsproj", "{3056BAE2-7B42-4E24-95CC-025DA5F263FA}"
EndProject
Project("{F2A71F9B-5D33-465A-A702-920D77279786}") = "graph.tests", "graph.tests\graph.tests.fsproj", "{F1C5DA37-C172-4BC9-97C7-A04370E3B1AD}"
EndProject
Global
	GlobalSection(SolutionConfigurationPlatforms) = preSolution
		Debug|Any CPU = Debug|Any CPU
		Release|Any CPU = Release|Any CPU
	EndGlobalSection
	GlobalSection(ProjectConfigurationPlatforms) = postSolution
		{67421031-9FD6-4CE8-90CC-D94F074755C2}.Debug|Any CPU.ActiveCfg = Debug|Any CPU
		{67421031-9FD6-4CE8-90CC-D94F074755C2}.Debug|Any CPU.Build.0 = Debug|Any CPU
		{67421031-9FD6-4CE8-90CC-D94F074755C2}.Release|Any CPU.ActiveCfg = Release|Any CPU
		{67421031-9FD6-4CE8-90CC-D94F074755C2}.Release|Any CPU.Build.0 = Release|Any CPU
		{3056BAE2-7B42-4E24-95CC-025DA5F263FA}.Debug|Any CPU.ActiveCfg = Debug|Any CPU
		{3056BAE2-7B42-4E24-95CC-025DA5F263FA}.Debug|Any CPU.Build.0 = Debug|Any CPU
		{3056BAE2-7B42-4E24-95CC-025DA5F263FA}.Release|Any CPU.ActiveCfg = Release|Any CPU
		{3056BAE2-7B42-4E24-95CC-025DA5F263FA}.Release|Any CPU.Build.0 = Release|Any CPU
		{F1C5DA37-C172-4BC9-97C7-A04370E3B1AD}.Debug|Any CPU.ActiveCfg = Debug|Any CPU
		{F1C5DA37-C172-4BC9-97C7-A04370E3B1AD}.Debug|Any CPU.Build.0 = Debug|Any CPU
		{F1C5DA37-C172-4BC9-97C7-A04370E3B1AD}.Release|Any CPU.ActiveCfg = Release|Any CPU
		{F1C5DA37-C172-4BC9-97C7-A04370E3B1AD}.Release|Any CPU.Build.0 = Release|Any CPU
	EndGlobalSection
EndGlobal
